
Microsoft Visual Studio Solution File, Format Version 12.00
# Visual Studio 15
VisualStudioVersion = 15.0.27703.2035
MinimumVisualStudioVersion = 10.0.40219.1
Project("{FAE04EC0-301F-11D3-BF4B-00C04F79EFBC}") = "SleepingLetter", "SleepingLetter\SleepingLetter.csproj", "{1E49D48B-B434-4C36-8E59-2B1A71C33C53}"
EndProject
Global
	GlobalSection(SolutionConfigurationPlatforms) = preSolution
		Debug|Any CPU = Debug|Any CPU
		Release|Any CPU = Release|Any CPU
	EndGlobalSection
	GlobalSection(ProjectConfigurationPlatforms) = postSolution
		{1E49D48B-B434-4C36-8E59-2B1A71C33C53}.Debug|Any CPU.ActiveCfg = Debug|Any CPU
		{1E49D48B-B434-4C36-8E59-2B1A71C33C53}.Debug|Any CPU.Build.0 = Debug|Any CPU
		{1E49D48B-B434-4C36-8E59-2B1A71C33C53}.Debug|Any CPU.Deploy.0 = Debug|Any CPU
		{1E49D48B-B434-4C36-8E59-2B1A71C33C53}.Release|Any CPU.ActiveCfg = Release|Any CPU
		{1E49D48B-B434-4C36-8E59-2B1A71C33C53}.Release|Any CPU.Build.0 = Release|Any CPU
		{1E49D48B-B434-4C36-8E59-2B1A71C33C53}.Release|Any CPU.Deploy.0 = Release|Any CPU
	EndGlobalSection
	GlobalSection(SolutionProperties) = preSolution
		HideSolutionNode = FALSE
	EndGlobalSection
	GlobalSection(ExtensibilityGlobals) = postSolution
		SolutionGuid = {038A058A-904B-4549-A23C-AE1277C97263}
	EndGlobalSection
EndGlobal
